
Microsoft Visual Studio Solution File, Format Version 12.00
# Visual Studio Version 17
VisualStudioVersion = 17.3.32825.248
MinimumVisualStudioVersion = 10.0.40219.1
Project("{888888A0-9F3D-457C-B088-3A5042F75D52}") = "Python code test", "Python code test.pyproj", "{856BAD71-89A1-464B-A8FC-A70802CBBB00}"
EndProject
Global
	GlobalSection(SolutionConfigurationPlatforms) = preSolution
		Debug|Any CPU = Debug|Any CPU
		Release|Any CPU = Release|Any CPU
	EndGlobalSection
	GlobalSection(ProjectConfigurationPlatforms) = postSolution
		{856BAD71-89A1-464B-A8FC-A70802CBBB00}.Debug|Any CPU.ActiveCfg = Debug|Any CPU
		{856BAD71-89A1-464B-A8FC-A70802CBBB00}.Release|Any CPU.ActiveCfg = Release|Any CPU
	EndGlobalSection
	GlobalSection(SolutionProperties) = preSolution
		HideSolutionNode = FALSE
	EndGlobalSection
	GlobalSection(ExtensibilityGlobals) = postSolution
		SolutionGuid = {39196A4A-811C-4052-96C1-BBB8F24C9E75}
	EndGlobalSection
EndGlobal
